// !$*UTF8*$!
{
	archiveVersion = 1;
	classes = {
	};
	objectVersion = 50;
	objects = {

/* Begin PBXBuildFile section */
		4F8551F224CFFC3A0007E94D /* AppDelegate.swift in Sources */ = {isa = PBXBuildFile; fileRef = 4F8551F124CFFC3A0007E94D /* AppDelegate.swift */; };
		4F8551F424CFFC3A0007E94D /* SceneDelegate.swift in Sources */ = {isa = PBXBuildFile; fileRef = 4F8551F324CFFC3A0007E94D /* SceneDelegate.swift */; };
		4F8551F624CFFC3A0007E94D /* ViewController.swift in Sources */ = {isa = PBXBuildFile; fileRef = 4F8551F524CFFC3A0007E94D /* ViewController.swift */; };
		4F8551F924CFFC3A0007E94D /* Main.storyboard in Resources */ = {isa = PBXBuildFile; fileRef = 4F8551F724CFFC3A0007E94D /* Main.storyboard */; };
		4F8551FC24CFFC3A0007E94D /* ComputerVision.xcdatamodeld in Sources */ = {isa = PBXBuildFile; fileRef = 4F8551FA24CFFC3A0007E94D /* ComputerVision.xcdatamodeld */; };
		4F8551FE24CFFC3C0007E94D /* Assets.xcassets in Resources */ = {isa = PBXBuildFile; fileRef = 4F8551FD24CFFC3C0007E94D /* Assets.xcassets */; };
		4F85520124CFFC3C0007E94D /* LaunchScreen.storyboard in Resources */ = {isa = PBXBuildFile; fileRef = 4F8551FF24CFFC3C0007E94D /* LaunchScreen.storyboard */; };
		4F85520924D00B970007E94D /* Extension.swift in Sources */ = {isa = PBXBuildFile; fileRef = 4F85520824D00B970007E94D /* Extension.swift */; };
		4F85520B24D00E010007E94D /* TextExtractorVC.swift in Sources */ = {isa = PBXBuildFile; fileRef = 4F85520A24D00E010007E94D /* TextExtractorVC.swift */; };
/* End PBXBuildFile section */

/* Begin PBXFileReference section */
		4F8551EE24CFFC3A0007E94D /* ComputerVision.app */ = {isa = PBXFileReference; explicitFileType = wrapper.application; includeInIndex = 0; path = ComputerVision.app; sourceTree = BUILT_PRODUCTS_DIR; };
		4F8551F124CFFC3A0007E94D /* AppDelegate.swift */ = {isa = PBXFileReference; lastKnownFileType = sourcecode.swift; path = AppDelegate.swift; sourceTree = "<group>"; };
		4F8551F324CFFC3A0007E94D /* SceneDelegate.swift */ = {isa = PBXFileReference; lastKnownFileType = sourcecode.swift; path = SceneDelegate.swift; sourceTree = "<group>"; };
		4F8551F524CFFC3A0007E94D /* ViewController.swift */ = {isa = PBXFileReference; lastKnownFileType = sourcecode.swift; path = ViewController.swift; sourceTree = "<group>"; };
		4F8551F824CFFC3A0007E94D /* Base */ = {isa = PBXFileReference; lastKnownFileType = file.storyboard; name = Base; path = Base.lproj/Main.storyboard; sourceTree = "<group>"; };
		4F8551FB24CFFC3A0007E94D /* ComputerVision.xcdatamodel */ = {isa = PBXFileReference; lastKnownFileType = wrapper.xcdatamodel; path = ComputerVision.xcdatamodel; sourceTree = "<group>"; };
		4F8551FD24CFFC3C0007E94D /* Assets.xcassets */ = {isa = PBXFileReference; lastKnownFileType = folder.assetcatalog; path = Assets.xcassets; sourceTree = "<group>"; };
		4F85520024CFFC3C0007E94D /* Base */ = {isa = PBXFileReference; lastKnownFileType = file.storyboard; name = Base; path = Base.lproj/LaunchScreen.storyboard; sourceTree = "<group>"; };
		4F85520224CFFC3C0007E94D /* Info.plist */ = {isa = PBXFileReference; lastKnownFileType = text.plist.xml; path = Info.plist; sourceTree = "<group>"; };
		4F85520824D00B970007E94D /* Extension.swift */ = {isa = PBXFileReference; lastKnownFileType = sourcecode.swift; path = Extension.swift; sourceTree = "<group>"; };
		4F85520A24D00E010007E94D /* TextExtractorVC.swift */ = {isa = PBXFileReference; lastKnownFileType = sourcecode.swift; path = TextExtractorVC.swift; sourceTree = "<group>"; };
/* End PBXFileReference section */

/* Begin PBXFrameworksBuildPhase section */
		4F8551EB24CFFC3A0007E94D /* Frameworks */ = {
			isa = PBXFrameworksBuildPhase;
			buildActionMask = 2147483647;
			files = (
			);
			runOnlyForDeploymentPostprocessing = 0;
		};
/* End PBXFrameworksBuildPhase section */

/* Begin PBXGroup section */
		4F8551E524CFFC3A0007E94D = {
			isa = PBXGroup;
			children = (
				4F8551F024CFFC3A0007E94D /* ComputerVision */,
				4F8551EF24CFFC3A0007E94D /* Products */,
			);
			sourceTree = "<group>";
		};
		4F8551EF24CFFC3A0007E94D /* Products */ = {
			isa = PBXGroup;
			children = (
				4F8551EE24CFFC3A0007E94D /* ComputerVision.app */,
			);
			name = Products;
			sourceTree = "<group>";
		};
		4F8551F024CFFC3A0007E94D /* ComputerVision */ = {
			isa = PBXGroup;
			children = (
				4F8551F124CFFC3A0007E94D /* AppDelegate.swift */,
				4F8551F324CFFC3A0007E94D /* SceneDelegate.swift */,
				4F8551F524CFFC3A0007E94D /* ViewController.swift */,
				4F85520A24D00E010007E94D /* TextExtractorVC.swift */,
				4F8551F724CFFC3A0007E94D /* Main.storyboard */,
				4F8551FD24CFFC3C0007E94D /* Assets.xcassets */,
				4F8551FF24CFFC3C0007E94D /* LaunchScreen.storyboard */,
				4F85520224CFFC3C0007E94D /* Info.plist */,
				4F8551FA24CFFC3A0007E94D /* ComputerVision.xcdatamodeld */,
				4F85520824D00B970007E94D /* Extension.swift */,
			);
			path = ComputerVision;
			sourceTree = "<group>";
		};
/* End PBXGroup section */

/* Begin PBXNativeTarget section */
		4F8551ED24CFFC3A0007E94D /* ComputerVision */ = {
			isa = PBXNativeTarget;
			buildConfigurationList = 4F85520524CFFC3C0007E94D /* Build configuration list for PBXNativeTarget "ComputerVision" */;
			buildPhases = (
				4F8551EA24CFFC3A0007E94D /* Sources */,
				4F8551EB24CFFC3A0007E94D /* Frameworks */,
				4F8551EC24CFFC3A0007E94D /* Resources */,
			);
			buildRules = (
			);
			dependencies = (
			);
			name = ComputerVision;
			productName = ComputerVision;
			productReference = 4F8551EE24CFFC3A0007E94D /* ComputerVision.app */;
			productType = "com.apple.product-type.application";
		};
/* End PBXNativeTarget section */

/* Begin PBXProject section */
		4F8551E624CFFC3A0007E94D /* Project object */ = {
			isa = PBXProject;
			attributes = {
				LastSwiftUpdateCheck = 1160;
				LastUpgradeCheck = 1160;
				ORGANIZATIONNAME = "劉紘任";
				TargetAttributes = {
					4F8551ED24CFFC3A0007E94D = {
						CreatedOnToolsVersion = 11.6;
					};
				};
			};
			buildConfigurationList = 4F8551E924CFFC3A0007E94D /* Build configuration list for PBXProject "ComputerVision" */;
			compatibilityVersion = "Xcode 9.3";
			developmentRegion = en;
			hasScannedForEncodings = 0;
			knownRegions = (
				en,
				Base,
			);
			mainGroup = 4F8551E524CFFC3A0007E94D;
			productRefGroup = 4F8551EF24CFFC3A0007E94D /* Products */;
			projectDirPath = "";
			projectRoot = "";
			targets = (
				4F8551ED24CFFC3A0007E94D /* ComputerVision */,
			);
		};
/* End PBXProject section */

/* Begin PBXResourcesBuildPhase section */
		4F8551EC24CFFC3A0007E94D /* Resources */ = {
			isa = PBXResourcesBuildPhase;
			buildActionMask = 2147483647;
			files = (
				4F85520124CFFC3C0007E94D /* LaunchScreen.storyboard in Resources */,
				4F8551FE24CFFC3C0007E94D /* Assets.xcassets in Resources */,
				4F8551F924CFFC3A0007E94D /* Main.storyboard in Resources */,
			);
			runOnlyForDeploymentPostprocessing = 0;
		};
/* End PBXResourcesBuildPhase section */

/* Begin PBXSourcesBuildPhase section */
		4F8551EA24CFFC3A0007E94D /* Sources */ = {
			isa = PBXSourcesBuildPhase;
			buildActionMask = 2147483647;
			files = (
				4F85520924D00B970007E94D /* Extension.swift in Sources */,
				4F8551F624CFFC3A0007E94D /* ViewController.swift in Sources */,
				4F8551F224CFFC3A0007E94D /* AppDelegate.swift in Sources */,
				4F8551FC24CFFC3A0007E94D /* ComputerVision.xcdatamodeld in Sources */,
				4F85520B24D00E010007E94D /* TextExtractorVC.swift in Sources */,
				4F8551F424CFFC3A0007E94D /* SceneDelegate.swift in Sources */,
			);
			runOnlyForDeploymentPostprocessing = 0;
		};
/* End PBXSourcesBuildPhase section */

/* Begin PBXVariantGroup section */
		4F8551F724CFFC3A0007E94D /* Main.storyboard */ = {
			isa = PBXVariantGroup;
			children = (
				4F8551F824CFFC3A0007E94D /* Base */,
			);
			name = Main.storyboard;
			sourceTree = "<group>";
		};
		4F8551FF24CFFC3C0007E94D /* LaunchScreen.storyboard */ = {
			isa = PBXVariantGroup;
			children = (
				4F85520024CFFC3C0007E94D /* Base */,
			);
			name = LaunchScreen.storyboard;
			sourceTree = "<group>";
		};
/* End PBXVariantGroup section */

/* Begin XCBuildConfiguration section */
		4F85520324CFFC3C0007E94D /* Debug */ = {
			isa = XCBuildConfiguration;
			buildSettings = {
				ALWAYS_SEARCH_USER_PATHS = NO;
				CLANG_ANALYZER_NONNULL = YES;
				CLANG_ANALYZER_NUMBER_OBJECT_CONVERSION = YES_AGGRESSIVE;
				CLANG_CXX_LANGUAGE_STANDARD = "gnu++14";
				CLANG_CXX_LIBRARY = "libc++";
				CLANG_ENABLE_MODULES = YES;
				CLANG_ENABLE_OBJC_ARC = YES;
				CLANG_ENABLE_OBJC_WEAK = YES;
				CLANG_WARN_BLOCK_CAPTURE_AUTORELEASING = YES;
				CLANG_WARN_BOOL_CONVERSION = YES;
				CLANG_WARN_COMMA = YES;
				CLANG_WARN_CONSTANT_CONVERSION = YES;
				CLANG_WARN_DEPRECATED_OBJC_IMPLEMENTATIONS = YES;
				CLANG_WARN_DIRECT_OBJC_ISA_USAGE = YES_ERROR;
				CLANG_WARN_DOCUMENTATION_COMMENTS = YES;
				CLANG_WARN_EMPTY_BODY = YES;
				CLANG_WARN_ENUM_CONVERSION = YES;
				CLANG_WARN_INFINITE_RECURSION = YES;
				CLANG_WARN_INT_CONVERSION = YES;
				CLANG_WARN_NON_LITERAL_NULL_CONVERSION = YES;
				CLANG_WARN_OBJC_IMPLICIT_RETAIN_SELF = YES;
				CLANG_WARN_OBJC_LITERAL_CONVERSION = YES;
				CLANG_WARN_OBJC_ROOT_CLASS = YES_ERROR;
				CLANG_WARN_RANGE_LOOP_ANALYSIS = YES;
				CLANG_WARN_STRICT_PROTOTYPES = YES;
				CLANG_WARN_SUSPICIOUS_MOVE = YES;
				CLANG_WARN_UNGUARDED_AVAILABILITY = YES_AGGRESSIVE;
				CLANG_WARN_UNREACHABLE_CODE = YES;
				CLANG_WARN__DUPLICATE_METHOD_MATCH = YES;
				COPY_PHASE_STRIP = NO;
				DEBUG_INFORMATION_FORMAT = dwarf;
				ENABLE_STRICT_OBJC_MSGSEND = YES;
				ENABLE_TESTABILITY = YES;
				GCC_C_LANGUAGE_STANDARD = gnu11;
				GCC_DYNAMIC_NO_PIC = NO;
				GCC_NO_COMMON_BLOCKS = YES;
				GCC_OPTIMIZATION_LEVEL = 0;
				GCC_PREPROCESSOR_DEFINITIONS = (
					"DEBUG=1",
					"$(inherited)",
				);
				GCC_WARN_64_TO_32_BIT_CONVERSION = YES;
				GCC_WARN_ABOUT_RETURN_TYPE = YES_ERROR;
				GCC_WARN_UNDECLARED_SELECTOR = YES;
				GCC_WARN_UNINITIALIZED_AUTOS = YES_AGGRESSIVE;
				GCC_WARN_UNUSED_FUNCTION = YES;
				GCC_WARN_UNUSED_VARIABLE = YES;
				IPHONEOS_DEPLOYMENT_TARGET = 13.6;
				MTL_ENABLE_DEBUG_INFO = INCLUDE_SOURCE;
				MTL_FAST_MATH = YES;
				ONLY_ACTIVE_ARCH = YES;
				SDKROOT = iphoneos;
				SWIFT_ACTIVE_COMPILATION_CONDITIONS = DEBUG;
				SWIFT_OPTIMIZATION_LEVEL = "-Onone";
			};
			name = Debug;
		};
		4F85520424CFFC3C0007E94D /* Release */ = {
			isa = XCBuildConfiguration;
			buildSettings = {
				ALWAYS_SEARCH_USER_PATHS = NO;
				CLANG_ANALYZER_NONNULL = YES;
				CLANG_ANALYZER_NUMBER_OBJECT_CONVERSION = YES_AGGRESSIVE;
				CLANG_CXX_LANGUAGE_STANDARD = "gnu++14";
				CLANG_CXX_LIBRARY = "libc++";
				CLANG_ENABLE_MODULES = YES;
				CLANG_ENABLE_OBJC_ARC = YES;
				CLANG_ENABLE_OBJC_WEAK = YES;
				CLANG_WARN_BLOCK_CAPTURE_AUTORELEASING = YES;
				CLANG_WARN_BOOL_CONVERSION = YES;
				CLANG_WARN_COMMA = YES;
				CLANG_WARN_CONSTANT_CONVERSION = YES;
				CLANG_WARN_DEPRECATED_OBJC_IMPLEMENTATIONS = YES;
				CLANG_WARN_DIRECT_OBJC_ISA_USAGE = YES_ERROR;
				CLANG_WARN_DOCUMENTATION_COMMENTS = YES;
				CLANG_WARN_EMPTY_BODY = YES;
				CLANG_WARN_ENUM_CONVERSION = YES;
				CLANG_WARN_INFINITE_RECURSION = YES;
				CLANG_WARN_INT_CONVERSION = YES;
				CLANG_WARN_NON_LITERAL_NULL_CONVERSION = YES;
				CLANG_WARN_OBJC_IMPLICIT_RETAIN_SELF = YES;
				CLANG_WARN_OBJC_LITERAL_CONVERSION = YES;
				CLANG_WARN_OBJC_ROOT_CLASS = YES_ERROR;
				CLANG_WARN_RANGE_LOOP_ANALYSIS = YES;
				CLANG_WARN_STRICT_PROTOTYPES = YES;
				CLANG_WARN_SUSPICIOUS_MOVE = YES;
				CLANG_WARN_UNGUARDED_AVAILABILITY = YES_AGGRESSIVE;
				CLANG_WARN_UNREACHABLE_CODE = YES;
				CLANG_WARN__DUPLICATE_METHOD_MATCH = YES;
				COPY_PHASE_STRIP = NO;
				DEBUG_INFORMATION_FORMAT = "dwarf-with-dsym";
				ENABLE_NS_ASSERTIONS = NO;
				ENABLE_STRICT_OBJC_MSGSEND = YES;
				GCC_C_LANGUAGE_STANDARD = gnu11;
				GCC_NO_COMMON_BLOCKS = YES;
				GCC_WARN_64_TO_32_BIT_CONVERSION = YES;
				GCC_WARN_ABOUT_RETURN_TYPE = YES_ERROR;
				GCC_WARN_UNDECLARED_SELECTOR = YES;
				GCC_WARN_UNINITIALIZED_AUTOS = YES_AGGRESSIVE;
				GCC_WARN_UNUSED_FUNCTION = YES;
				GCC_WARN_UNUSED_VARIABLE = YES;
				IPHONEOS_DEPLOYMENT_TARGET = 13.6;
				MTL_ENABLE_DEBUG_INFO = NO;
				MTL_FAST_MATH = YES;
				SDKROOT = iphoneos;
				SWIFT_COMPILATION_MODE = wholemodule;
				SWIFT_OPTIMIZATION_LEVEL = "-O";
				VALIDATE_PRODUCT = YES;
			};
			name = Release;
		};
		4F85520624CFFC3C0007E94D /* Debug */ = {
			isa = XCBuildConfiguration;
			buildSettings = {
				ASSETCATALOG_COMPILER_APPICON_NAME = AppIcon;
				CODE_SIGN_STYLE = Automatic;
				DEVELOPMENT_TEAM = 73D5CEH3J8;
				INFOPLIST_FILE = ComputerVision/Info.plist;
				IPHONEOS_DEPLOYMENT_TARGET = 13.0;
				LD_RUNPATH_SEARCH_PATHS = (
					"$(inherited)",
					"@executable_path/Frameworks",
				);
				PRODUCT_BUNDLE_IDENTIFIER = com.hkxf.ComputerVision;
				PRODUCT_NAME = "$(TARGET_NAME)";
				SWIFT_VERSION = 5.0;
				TARGETED_DEVICE_FAMILY = "1,2";
			};
			name = Debug;
		};
		4F85520724CFFC3C0007E94D /* Release */ = {
			isa = XCBuildConfiguration;
			buildSettings = {
				ASSETCATALOG_COMPILER_APPICON_NAME = AppIcon;
				CODE_SIGN_STYLE = Automatic;
				DEVELOPMENT_TEAM = 73D5CEH3J8;
				INFOPLIST_FILE = ComputerVision/Info.plist;
				IPHONEOS_DEPLOYMENT_TARGET = 13.0;
				LD_RUNPATH_SEARCH_PATHS = (
					"$(inherited)",
					"@executable_path/Frameworks",
				);
				PRODUCT_BUNDLE_IDENTIFIER = com.hkxf.ComputerVision;
				PRODUCT_NAME = "$(TARGET_NAME)";
				SWIFT_VERSION = 5.0;
				TARGETED_DEVICE_FAMILY = "1,2";
			};
			name = Release;
		};
/* End XCBuildConfiguration section */

/* Begin XCConfigurationList section */
		4F8551E924CFFC3A0007E94D /* Build configuration list for PBXProject "ComputerVision" */ = {
			isa = XCConfigurationList;
			buildConfigurations = (
				4F85520324CFFC3C0007E94D /* Debug */,
				4F85520424CFFC3C0007E94D /* Release */,
			);
			defaultConfigurationIsVisible = 0;
			defaultConfigurationName = Release;
		};
		4F85520524CFFC3C0007E94D /* Build configuration list for PBXNativeTarget "ComputerVision" */ = {
			isa = XCConfigurationList;
			buildConfigurations = (
				4F85520624CFFC3C0007E94D /* Debug */,
				4F85520724CFFC3C0007E94D /* Release */,
			);
			defaultConfigurationIsVisible = 0;
			defaultConfigurationName = Release;
		};
/* End XCConfigurationList section */

/* Begin XCVersionGroup section */
		4F8551FA24CFFC3A0007E94D /* ComputerVision.xcdatamodeld */ = {
			isa = XCVersionGroup;
			children = (
				4F8551FB24CFFC3A0007E94D /* ComputerVision.xcdatamodel */,
			);
			currentVersion = 4F8551FB24CFFC3A0007E94D /* ComputerVision.xcdatamodel */;
			path = ComputerVision.xcdatamodeld;
			sourceTree = "<group>";
			versionGroupType = wrapper.xcdatamodel;
		};
/* End XCVersionGroup section */
	};
	rootObject = 4F8551E624CFFC3A0007E94D /* Project object */;
}
